
Microsoft Visual Studio Solution File, Format Version 12.00
# Visual Studio Version 16
VisualStudioVersion = 16.0.29411.108
MinimumVisualStudioVersion = 10.0.40219.1
Project("{FAE04EC0-301F-11D3-BF4B-00C04F79EFBC}") = "CEDTeam.App", "CEDTeam.App\CEDTeam.App.csproj", "{9478FB03-976D-4F4C-B373-FAE14D073BE8}"
EndProject
Global
	GlobalSection(SolutionConfigurationPlatforms) = preSolution
		Debug|Any CPU = Debug|Any CPU
		Release|Any CPU = Release|Any CPU
	EndGlobalSection
	GlobalSection(ProjectConfigurationPlatforms) = postSolution
		{9478FB03-976D-4F4C-B373-FAE14D073BE8}.Debug|Any CPU.ActiveCfg = Debug|Any CPU
		{9478FB03-976D-4F4C-B373-FAE14D073BE8}.Debug|Any CPU.Build.0 = Debug|Any CPU
		{9478FB03-976D-4F4C-B373-FAE14D073BE8}.Release|Any CPU.ActiveCfg = Release|Any CPU
		{9478FB03-976D-4F4C-B373-FAE14D073BE8}.Release|Any CPU.Build.0 = Release|Any CPU
	EndGlobalSection
	GlobalSection(SolutionProperties) = preSolution
		HideSolutionNode = FALSE
	EndGlobalSection
	GlobalSection(ExtensibilityGlobals) = postSolution
		SolutionGuid = {319C6182-C75A-4F75-894C-5185D6C20B60}
	EndGlobalSection
EndGlobal
